// !$*UTF8*$!
{
	archiveVersion = 1;
	classes = {
	};
	objectVersion = 46;
	objects = {

/* Begin PBXBuildFile section */
		96D5A5D11C606AFD00F7F860 /* main.m in Sources */ = {isa = PBXBuildFile; fileRef = 96D5A5D01C606AFD00F7F860 /* main.m */; };
		96D5A5D41C606AFD00F7F860 /* AppDelegate.m in Sources */ = {isa = PBXBuildFile; fileRef = 96D5A5D31C606AFD00F7F860 /* AppDelegate.m */; };
		96D5A5D71C606AFD00F7F860 /* FirstViewController.m in Sources */ = {isa = PBXBuildFile; fileRef = 96D5A5D61C606AFD00F7F860 /* FirstViewController.m */; };
		96D5A5DA1C606AFD00F7F860 /* SecondViewController.m in Sources */ = {isa = PBXBuildFile; fileRef = 96D5A5D91C606AFD00F7F860 /* SecondViewController.m */; };
		96D5A5DD1C606AFD00F7F860 /* Main.storyboard in Resources */ = {isa = PBXBuildFile; fileRef = 96D5A5DB1C606AFD00F7F860 /* Main.storyboard */; };
		96D5A5DF1C606AFD00F7F860 /* Assets.xcassets in Resources */ = {isa = PBXBuildFile; fileRef = 96D5A5DE1C606AFD00F7F860 /* Assets.xcassets */; };
		96D5A5E21C606AFD00F7F860 /* LaunchScreen.storyboard in Resources */ = {isa = PBXBuildFile; fileRef = 96D5A5E01C606AFD00F7F860 /* LaunchScreen.storyboard */; };
		96D5A5ED1C606AFD00F7F860 /* TabBarAppTests.m in Sources */ = {isa = PBXBuildFile; fileRef = 96D5A5EC1C606AFD00F7F860 /* TabBarAppTests.m */; };
		96D5A5F81C606AFD00F7F860 /* TabBarAppUITests.m in Sources */ = {isa = PBXBuildFile; fileRef = 96D5A5F71C606AFD00F7F860 /* TabBarAppUITests.m */; };
/* End PBXBuildFile section */

/* Begin PBXContainerItemProxy section */
		96D5A5E91C606AFD00F7F860 /* PBXContainerItemProxy */ = {
			isa = PBXContainerItemProxy;
			containerPortal = 96D5A5C41C606AFD00F7F860 /* Project object */;
			proxyType = 1;
			remoteGlobalIDString = 96D5A5CB1C606AFD00F7F860;
			remoteInfo = TabBarApp;
		};
		96D5A5F41C606AFD00F7F860 /* PBXContainerItemProxy */ = {
			isa = PBXContainerItemProxy;
			containerPortal = 96D5A5C41C606AFD00F7F860 /* Project object */;
			proxyType = 1;
			remoteGlobalIDString = 96D5A5CB1C606AFD00F7F860;
			remoteInfo = TabBarApp;
		};
/* End PBXContainerItemProxy section */

/* Begin PBXFileReference section */
		96D5A5CC1C606AFD00F7F860 /* TabBarApp.app */ = {isa = PBXFileReference; explicitFileType = wrapper.application; includeInIndex = 0; path = TabBarApp.app; sourceTree = BUILT_PRODUCTS_DIR; };
		96D5A5D01C606AFD00F7F860 /* main.m */ = {isa = PBXFileReference; lastKnownFileType = sourcecode.c.objc; path = main.m; sourceTree = "<group>"; };
		96D5A5D21C606AFD00F7F860 /* AppDelegate.h */ = {isa = PBXFileReference; lastKnownFileType = sourcecode.c.h; path = AppDelegate.h; sourceTree = "<group>"; };
		96D5A5D31C606AFD00F7F860 /* AppDelegate.m */ = {isa = PBXFileReference; lastKnownFileType = sourcecode.c.objc; path = AppDelegate.m; sourceTree = "<group>"; };
		96D5A5D51C606AFD00F7F860 /* FirstViewController.h */ = {isa = PBXFileReference; lastKnownFileType = sourcecode.c.h; path = FirstViewController.h; sourceTree = "<group>"; };
		96D5A5D61C606AFD00F7F860 /* FirstViewController.m */ = {isa = PBXFileReference; lastKnownFileType = sourcecode.c.objc; path = FirstViewController.m; sourceTree = "<group>"; };
		96D5A5D81C606AFD00F7F860 /* SecondViewController.h */ = {isa = PBXFileReference; lastKnownFileType = sourcecode.c.h; path = SecondViewController.h; sourceTree = "<group>"; };
		96D5A5D91C606AFD00F7F860 /* SecondViewController.m */ = {isa = PBXFileReference; lastKnownFileType = sourcecode.c.objc; path = SecondViewController.m; sourceTree = "<group>"; };
		96D5A5DC1C606AFD00F7F860 /* Base */ = {isa = PBXFileReference; lastKnownFileType = file.storyboard; name = Base; path = Base.lproj/Main.storyboard; sourceTree = "<group>"; };
		96D5A5DE1C606AFD00F7F860 /* Assets.xcassets */ = {isa = PBXFileReference; lastKnownFileType = folder.assetcatalog; path = Assets.xcassets; sourceTree = "<group>"; };
		96D5A5E11C606AFD00F7F860 /* Base */ = {isa = PBXFileReference; lastKnownFileType = file.storyboard; name = Base; path = Base.lproj/LaunchScreen.storyboard; sourceTree = "<group>"; };
		96D5A5E31C606AFD00F7F860 /* Info.plist */ = {isa = PBXFileReference; lastKnownFileType = text.plist.xml; path = Info.plist; sourceTree = "<group>"; };
		96D5A5E81C606AFD00F7F860 /* TabBarAppTests.xctest */ = {isa = PBXFileReference; explicitFileType = wrapper.cfbundle; includeInIndex = 0; path = TabBarAppTests.xctest; sourceTree = BUILT_PRODUCTS_DIR; };
		96D5A5EC1C606AFD00F7F860 /* TabBarAppTests.m */ = {isa = PBXFileReference; lastKnownFileType = sourcecode.c.objc; path = TabBarAppTests.m; sourceTree = "<group>"; };
		96D5A5EE1C606AFD00F7F860 /* Info.plist */ = {isa = PBXFileReference; lastKnownFileType = text.plist.xml; path = Info.plist; sourceTree = "<group>"; };
		96D5A5F31C606AFD00F7F860 /* TabBarAppUITests.xctest */ = {isa = PBXFileReference; explicitFileType = wrapper.cfbundle; includeInIndex = 0; path = TabBarAppUITests.xctest; sourceTree = BUILT_PRODUCTS_DIR; };
		96D5A5F71C606AFD00F7F860 /* TabBarAppUITests.m */ = {isa = PBXFileReference; lastKnownFileType = sourcecode.c.objc; path = TabBarAppUITests.m; sourceTree = "<group>"; };
		96D5A5F91C606AFD00F7F860 /* Info.plist */ = {isa = PBXFileReference; lastKnownFileType = text.plist.xml; path = Info.plist; sourceTree = "<group>"; };
/* End PBXFileReference section */

/* Begin PBXFrameworksBuildPhase section */
		96D5A5C91C606AFD00F7F860 /* Frameworks */ = {
			isa = PBXFrameworksBuildPhase;
			buildActionMask = 2147483647;
			files = (
			);
			runOnlyForDeploymentPostprocessing = 0;
		};
		96D5A5E51C606AFD00F7F860 /* Frameworks */ = {
			isa = PBXFrameworksBuildPhase;
			buildActionMask = 2147483647;
			files = (
			);
			runOnlyForDeploymentPostprocessing = 0;
		};
		96D5A5F01C606AFD00F7F860 /* Frameworks */ = {
			isa = PBXFrameworksBuildPhase;
			buildActionMask = 2147483647;
			files = (
			);
			runOnlyForDeploymentPostprocessing = 0;
		};
/* End PBXFrameworksBuildPhase section */

/* Begin PBXGroup section */
		96D5A5C31C606AFD00F7F860 = {
			isa = PBXGroup;
			children = (
				96D5A5CE1C606AFD00F7F860 /* TabBarApp */,
				96D5A5EB1C606AFD00F7F860 /* TabBarAppTests */,
				96D5A5F61C606AFD00F7F860 /* TabBarAppUITests */,
				96D5A5CD1C606AFD00F7F860 /* Products */,
			);
			sourceTree = "<group>";
		};
		96D5A5CD1C606AFD00F7F860 /* Products */ = {
			isa = PBXGroup;
			children = (
				96D5A5CC1C606AFD00F7F860 /* TabBarApp.app */,
				96D5A5E81C606AFD00F7F860 /* TabBarAppTests.xctest */,
				96D5A5F31C606AFD00F7F860 /* TabBarAppUITests.xctest */,
			);
			name = Products;
			sourceTree = "<group>";
		};
		96D5A5CE1C606AFD00F7F860 /* TabBarApp */ = {
			isa = PBXGroup;
			children = (
				96D5A5D21C606AFD00F7F860 /* AppDelegate.h */,
				96D5A5D31C606AFD00F7F860 /* AppDelegate.m */,
				96D5A5D51C606AFD00F7F860 /* FirstViewController.h */,
				96D5A5D61C606AFD00F7F860 /* FirstViewController.m */,
				96D5A5D81C606AFD00F7F860 /* SecondViewController.h */,
				96D5A5D91C606AFD00F7F860 /* SecondViewController.m */,
				96D5A5DB1C606AFD00F7F860 /* Main.storyboard */,
				96D5A5DE1C606AFD00F7F860 /* Assets.xcassets */,
				96D5A5E01C606AFD00F7F860 /* LaunchScreen.storyboard */,
				96D5A5E31C606AFD00F7F860 /* Info.plist */,
				96D5A5CF1C606AFD00F7F860 /* Supporting Files */,
			);
			path = TabBarApp;
			sourceTree = "<group>";
		};
		96D5A5CF1C606AFD00F7F860 /* Supporting Files */ = {
			isa = PBXGroup;
			children = (
				96D5A5D01C606AFD00F7F860 /* main.m */,
			);
			name = "Supporting Files";
			sourceTree = "<group>";
		};
		96D5A5EB1C606AFD00F7F860 /* TabBarAppTests */ = {
			isa = PBXGroup;
			children = (
				96D5A5EC1C606AFD00F7F860 /* TabBarAppTests.m */,
				96D5A5EE1C606AFD00F7F860 /* Info.plist */,
			);
			path = TabBarAppTests;
			sourceTree = "<group>";
		};
		96D5A5F61C606AFD00F7F860 /* TabBarAppUITests */ = {
			isa = PBXGroup;
			children = (
				96D5A5F71C606AFD00F7F860 /* TabBarAppUITests.m */,
				96D5A5F91C606AFD00F7F860 /* Info.plist */,
			);
			path = TabBarAppUITests;
			sourceTree = "<group>";
		};
/* End PBXGroup section */

/* Begin PBXNativeTarget section */
		96D5A5CB1C606AFD00F7F860 /* TabBarApp */ = {
			isa = PBXNativeTarget;
			buildConfigurationList = 96D5A5FC1C606AFD00F7F860 /* Build configuration list for PBXNativeTarget "TabBarApp" */;
			buildPhases = (
				96D5A5C81C606AFD00F7F860 /* Sources */,
				96D5A5C91C606AFD00F7F860 /* Frameworks */,
				96D5A5CA1C606AFD00F7F860 /* Resources */,
			);
			buildRules = (
			);
			dependencies = (
			);
			name = TabBarApp;
			productName = TabBarApp;
			productReference = 96D5A5CC1C606AFD00F7F860 /* TabBarApp.app */;
			productType = "com.apple.product-type.application";
		};
		96D5A5E71C606AFD00F7F860 /* TabBarAppTests */ = {
			isa = PBXNativeTarget;
			buildConfigurationList = 96D5A5FF1C606AFD00F7F860 /* Build configuration list for PBXNativeTarget "TabBarAppTests" */;
			buildPhases = (
				96D5A5E41C606AFD00F7F860 /* Sources */,
				96D5A5E51C606AFD00F7F860 /* Frameworks */,
				96D5A5E61C606AFD00F7F860 /* Resources */,
			);
			buildRules = (
			);
			dependencies = (
				96D5A5EA1C606AFD00F7F860 /* PBXTargetDependency */,
			);
			name = TabBarAppTests;
			productName = TabBarAppTests;
			productReference = 96D5A5E81C606AFD00F7F860 /* TabBarAppTests.xctest */;
			productType = "com.apple.product-type.bundle.unit-test";
		};
		96D5A5F21C606AFD00F7F860 /* TabBarAppUITests */ = {
			isa = PBXNativeTarget;
			buildConfigurationList = 96D5A6021C606AFD00F7F860 /* Build configuration list for PBXNativeTarget "TabBarAppUITests" */;
			buildPhases = (
				96D5A5EF1C606AFD00F7F860 /* Sources */,
				96D5A5F01C606AFD00F7F860 /* Frameworks */,
				96D5A5F11C606AFD00F7F860 /* Resources */,
			);
			buildRules = (
			);
			dependencies = (
				96D5A5F51C606AFD00F7F860 /* PBXTargetDependency */,
			);
			name = TabBarAppUITests;
			productName = TabBarAppUITests;
			productReference = 96D5A5F31C606AFD00F7F860 /* TabBarAppUITests.xctest */;
			productType = "com.apple.product-type.bundle.ui-testing";
		};
/* End PBXNativeTarget section */

/* Begin PBXProject section */
		96D5A5C41C606AFD00F7F860 /* Project object */ = {
			isa = PBXProject;
			attributes = {
				LastUpgradeCheck = 0720;
				ORGANIZATIONNAME = "Screaming Goat";
				TargetAttributes = {
					96D5A5CB1C606AFD00F7F860 = {
						CreatedOnToolsVersion = 7.2;
					};
					96D5A5E71C606AFD00F7F860 = {
						CreatedOnToolsVersion = 7.2;
						TestTargetID = 96D5A5CB1C606AFD00F7F860;
					};
					96D5A5F21C606AFD00F7F860 = {
						CreatedOnToolsVersion = 7.2;
						TestTargetID = 96D5A5CB1C606AFD00F7F860;
					};
				};
			};
			buildConfigurationList = 96D5A5C71C606AFD00F7F860 /* Build configuration list for PBXProject "TabBarApp" */;
			compatibilityVersion = "Xcode 3.2";
			developmentRegion = English;
			hasScannedForEncodings = 0;
			knownRegions = (
				en,
				Base,
			);
			mainGroup = 96D5A5C31C606AFD00F7F860;
			productRefGroup = 96D5A5CD1C606AFD00F7F860 /* Products */;
			projectDirPath = "";
			projectRoot = "";
			targets = (
				96D5A5CB1C606AFD00F7F860 /* TabBarApp */,
				96D5A5E71C606AFD00F7F860 /* TabBarAppTests */,
				96D5A5F21C606AFD00F7F860 /* TabBarAppUITests */,
			);
		};
/* End PBXProject section */

/* Begin PBXResourcesBuildPhase section */
		96D5A5CA1C606AFD00F7F860 /* Resources */ = {
			isa = PBXResourcesBuildPhase;
			buildActionMask = 2147483647;
			files = (
				96D5A5E21C606AFD00F7F860 /* LaunchScreen.storyboard in Resources */,
				96D5A5DF1C606AFD00F7F860 /* Assets.xcassets in Resources */,
				96D5A5DD1C606AFD00F7F860 /* Main.storyboard in Resources */,
			);
			runOnlyForDeploymentPostprocessing = 0;
		};
		96D5A5E61C606AFD00F7F860 /* Resources */ = {
			isa = PBXResourcesBuildPhase;
			buildActionMask = 2147483647;
			files = (
			);
			runOnlyForDeploymentPostprocessing = 0;
		};
		96D5A5F11C606AFD00F7F860 /* Resources */ = {
			isa = PBXResourcesBuildPhase;
			buildActionMask = 2147483647;
			files = (
			);
			runOnlyForDeploymentPostprocessing = 0;
		};
/* End PBXResourcesBuildPhase section */

/* Begin PBXSourcesBuildPhase section */
		96D5A5C81C606AFD00F7F860 /* Sources */ = {
			isa = PBXSourcesBuildPhase;
			buildActionMask = 2147483647;
			files = (
				96D5A5DA1C606AFD00F7F860 /* SecondViewController.m in Sources */,
				96D5A5D41C606AFD00F7F860 /* AppDelegate.m in Sources */,
				96D5A5D71C606AFD00F7F860 /* FirstViewController.m in Sources */,
				96D5A5D11C606AFD00F7F860 /* main.m in Sources */,
			);
			runOnlyForDeploymentPostprocessing = 0;
		};
		96D5A5E41C606AFD00F7F860 /* Sources */ = {
			isa = PBXSourcesBuildPhase;
			buildActionMask = 2147483647;
			files = (
				96D5A5ED1C606AFD00F7F860 /* TabBarAppTests.m in Sources */,
			);
			runOnlyForDeploymentPostprocessing = 0;
		};
		96D5A5EF1C606AFD00F7F860 /* Sources */ = {
			isa = PBXSourcesBuildPhase;
			buildActionMask = 2147483647;
			files = (
				96D5A5F81C606AFD00F7F860 /* TabBarAppUITests.m in Sources */,
			);
			runOnlyForDeploymentPostprocessing = 0;
		};
/* End PBXSourcesBuildPhase section */

/* Begin PBXTargetDependency section */
		96D5A5EA1C606AFD00F7F860 /* PBXTargetDependency */ = {
			isa = PBXTargetDependency;
			target = 96D5A5CB1C606AFD00F7F860 /* TabBarApp */;
			targetProxy = 96D5A5E91C606AFD00F7F860 /* PBXContainerItemProxy */;
		};
		96D5A5F51C606AFD00F7F860 /* PBXTargetDependency */ = {
			isa = PBXTargetDependency;
			target = 96D5A5CB1C606AFD00F7F860 /* TabBarApp */;
			targetProxy = 96D5A5F41C606AFD00F7F860 /* PBXContainerItemProxy */;
		};
/* End PBXTargetDependency section */

/* Begin PBXVariantGroup section */
		96D5A5DB1C606AFD00F7F860 /* Main.storyboard */ = {
			isa = PBXVariantGroup;
			children = (
				96D5A5DC1C606AFD00F7F860 /* Base */,
			);
			name = Main.storyboard;
			sourceTree = "<group>";
		};
		96D5A5E01C606AFD00F7F860 /* LaunchScreen.storyboard */ = {
			isa = PBXVariantGroup;
			children = (
				96D5A5E11C606AFD00F7F860 /* Base */,
			);
			name = LaunchScreen.storyboard;
			sourceTree = "<group>";
		};
/* End PBXVariantGroup section */

/* Begin XCBuildConfiguration section */
		96D5A5FA1C606AFD00F7F860 /* Debug */ = {
			isa = XCBuildConfiguration;
			buildSettings = {
				ALWAYS_SEARCH_USER_PATHS = NO;
				CLANG_CXX_LANGUAGE_STANDARD = "gnu++0x";
				CLANG_CXX_LIBRARY = "libc++";
				CLANG_ENABLE_MODULES = YES;
				CLANG_ENABLE_OBJC_ARC = YES;
				CLANG_WARN_BOOL_CONVERSION = YES;
				CLANG_WARN_CONSTANT_CONVERSION = YES;
				CLANG_WARN_DIRECT_OBJC_ISA_USAGE = YES_ERROR;
				CLANG_WARN_EMPTY_BODY = YES;
				CLANG_WARN_ENUM_CONVERSION = YES;
				CLANG_WARN_INT_CONVERSION = YES;
				CLANG_WARN_OBJC_ROOT_CLASS = YES_ERROR;
				CLANG_WARN_UNREACHABLE_CODE = YES;
				CLANG_WARN__DUPLICATE_METHOD_MATCH = YES;
				"CODE_SIGN_IDENTITY[sdk=iphoneos*]" = "iPhone Developer";
				COPY_PHASE_STRIP = NO;
				DEBUG_INFORMATION_FORMAT = dwarf;
				ENABLE_STRICT_OBJC_MSGSEND = YES;
				ENABLE_TESTABILITY = YES;
				GCC_C_LANGUAGE_STANDARD = gnu99;
				GCC_DYNAMIC_NO_PIC = NO;
				GCC_NO_COMMON_BLOCKS = YES;
				GCC_OPTIMIZATION_LEVEL = 0;
				GCC_PREPROCESSOR_DEFINITIONS = (
					"DEBUG=1",
					"$(inherited)",
				);
				GCC_WARN_64_TO_32_BIT_CONVERSION = YES;
				GCC_WARN_ABOUT_RETURN_TYPE = YES_ERROR;
				GCC_WARN_UNDECLARED_SELECTOR = YES;
				GCC_WARN_UNINITIALIZED_AUTOS = YES_AGGRESSIVE;
				GCC_WARN_UNUSED_FUNCTION = YES;
				GCC_WARN_UNUSED_VARIABLE = YES;
				IPHONEOS_DEPLOYMENT_TARGET = 9.2;
				MTL_ENABLE_DEBUG_INFO = YES;
				ONLY_ACTIVE_ARCH = YES;
				SDKROOT = iphoneos;
				TARGETED_DEVICE_FAMILY = "1,2";
			};
			name = Debug;
		};
		96D5A5FB1C606AFD00F7F860 /* Release */ = {
			isa = XCBuildConfiguration;
			buildSettings = {
				ALWAYS_SEARCH_USER_PATHS = NO;
				CLANG_CXX_LANGUAGE_STANDARD = "gnu++0x";
				CLANG_CXX_LIBRARY = "libc++";
				CLANG_ENABLE_MODULES = YES;
				CLANG_ENABLE_OBJC_ARC = YES;
				CLANG_WARN_BOOL_CONVERSION = YES;
				CLANG_WARN_CONSTANT_CONVERSION = YES;
				CLANG_WARN_DIRECT_OBJC_ISA_USAGE = YES_ERROR;
				CLANG_WARN_EMPTY_BODY = YES;
				CLANG_WARN_ENUM_CONVERSION = YES;
				CLANG_WARN_INT_CONVERSION = YES;
				CLANG_WARN_OBJC_ROOT_CLASS = YES_ERROR;
				CLANG_WARN_UNREACHABLE_CODE = YES;
				CLANG_WARN__DUPLICATE_METHOD_MATCH = YES;
				"CODE_SIGN_IDENTITY[sdk=iphoneos*]" = "iPhone Developer";
				COPY_PHASE_STRIP = NO;
				DEBUG_INFORMATION_FORMAT = "dwarf-with-dsym";
				ENABLE_NS_ASSERTIONS = NO;
				ENABLE_STRICT_OBJC_MSGSEND = YES;
				GCC_C_LANGUAGE_STANDARD = gnu99;
				GCC_NO_COMMON_BLOCKS = YES;
				GCC_WARN_64_TO_32_BIT_CONVERSION = YES;
				GCC_WARN_ABOUT_RETURN_TYPE = YES_ERROR;
				GCC_WARN_UNDECLARED_SELECTOR = YES;
				GCC_WARN_UNINITIALIZED_AUTOS = YES_AGGRESSIVE;
				GCC_WARN_UNUSED_FUNCTION = YES;
				GCC_WARN_UNUSED_VARIABLE = YES;
				IPHONEOS_DEPLOYMENT_TARGET = 9.2;
				MTL_ENABLE_DEBUG_INFO = NO;
				SDKROOT = iphoneos;
				TARGETED_DEVICE_FAMILY = "1,2";
				VALIDATE_PRODUCT = YES;
			};
			name = Release;
		};
		96D5A5FD1C606AFD00F7F860 /* Debug */ = {
			isa = XCBuildConfiguration;
			buildSettings = {
				ASSETCATALOG_COMPILER_APPICON_NAME = AppIcon;
				INFOPLIST_FILE = TabBarApp/Info.plist;
				LD_RUNPATH_SEARCH_PATHS = "$(inherited) @executable_path/Frameworks";
				PRODUCT_BUNDLE_IDENTIFIER = self.edu.jason.TabBarApp;
				PRODUCT_NAME = "$(TARGET_NAME)";
			};
			name = Debug;
		};
		96D5A5FE1C606AFD00F7F860 /* Release */ = {
			isa = XCBuildConfiguration;
			buildSettings = {
				ASSETCATALOG_COMPILER_APPICON_NAME = AppIcon;
				INFOPLIST_FILE = TabBarApp/Info.plist;
				LD_RUNPATH_SEARCH_PATHS = "$(inherited) @executable_path/Frameworks";
				PRODUCT_BUNDLE_IDENTIFIER = self.edu.jason.TabBarApp;
				PRODUCT_NAME = "$(TARGET_NAME)";
			};
			name = Release;
		};
		96D5A6001C606AFD00F7F860 /* Debug */ = {
			isa = XCBuildConfiguration;
			buildSettings = {
				BUNDLE_LOADER = "$(TEST_HOST)";
				INFOPLIST_FILE = TabBarAppTests/Info.plist;
				LD_RUNPATH_SEARCH_PATHS = "$(inherited) @executable_path/Frameworks @loader_path/Frameworks";
				PRODUCT_BUNDLE_IDENTIFIER = self.edu.jason.TabBarAppTests;
				PRODUCT_NAME = "$(TARGET_NAME)";
				TEST_HOST = "$(BUILT_PRODUCTS_DIR)/TabBarApp.app/TabBarApp";
			};
			name = Debug;
		};
		96D5A6011C606AFD00F7F860 /* Release */ = {
			isa = XCBuildConfiguration;
			buildSettings = {
				BUNDLE_LOADER = "$(TEST_HOST)";
				INFOPLIST_FILE = TabBarAppTests/Info.plist;
				LD_RUNPATH_SEARCH_PATHS = "$(inherited) @executable_path/Frameworks @loader_path/Frameworks";
				PRODUCT_BUNDLE_IDENTIFIER = self.edu.jason.TabBarAppTests;
				PRODUCT_NAME = "$(TARGET_NAME)";
				TEST_HOST = "$(BUILT_PRODUCTS_DIR)/TabBarApp.app/TabBarApp";
			};
			name = Release;
		};
		96D5A6031C606AFD00F7F860 /* Debug */ = {
			isa = XCBuildConfiguration;
			buildSettings = {
				INFOPLIST_FILE = TabBarAppUITests/Info.plist;
				LD_RUNPATH_SEARCH_PATHS = "$(inherited) @executable_path/Frameworks @loader_path/Frameworks";
				PRODUCT_BUNDLE_IDENTIFIER = self.edu.jason.TabBarAppUITests;
				PRODUCT_NAME = "$(TARGET_NAME)";
				TEST_TARGET_NAME = TabBarApp;
				USES_XCTRUNNER = YES;
			};
			name = Debug;
		};
		96D5A6041C606AFD00F7F860 /* Release */ = {
			isa = XCBuildConfiguration;
			buildSettings = {
				INFOPLIST_FILE = TabBarAppUITests/Info.plist;
				LD_RUNPATH_SEARCH_PATHS = "$(inherited) @executable_path/Frameworks @loader_path/Frameworks";
				PRODUCT_BUNDLE_IDENTIFIER = self.edu.jason.TabBarAppUITests;
				PRODUCT_NAME = "$(TARGET_NAME)";
				TEST_TARGET_NAME = TabBarApp;
				USES_XCTRUNNER = YES;
			};
			name = Release;
		};
/* End XCBuildConfiguration section */

/* Begin XCConfigurationList section */
		96D5A5C71C606AFD00F7F860 /* Build configuration list for PBXProject "TabBarApp" */ = {
			isa = XCConfigurationList;
			buildConfigurations = (
				96D5A5FA1C606AFD00F7F860 /* Debug */,
				96D5A5FB1C606AFD00F7F860 /* Release */,
			);
			defaultConfigurationIsVisible = 0;
			defaultConfigurationName = Release;
		};
		96D5A5FC1C606AFD00F7F860 /* Build configuration list for PBXNativeTarget "TabBarApp" */ = {
			isa = XCConfigurationList;
			buildConfigurations = (
				96D5A5FD1C606AFD00F7F860 /* Debug */,
				96D5A5FE1C606AFD00F7F860 /* Release */,
			);
			defaultConfigurationIsVisible = 0;
		};
		96D5A5FF1C606AFD00F7F860 /* Build configuration list for PBXNativeTarget "TabBarAppTests" */ = {
			isa = XCConfigurationList;
			buildConfigurations = (
				96D5A6001C606AFD00F7F860 /* Debug */,
				96D5A6011C606AFD00F7F860 /* Release */,
			);
			defaultConfigurationIsVisible = 0;
		};
		96D5A6021C606AFD00F7F860 /* Build configuration list for PBXNativeTarget "TabBarAppUITests" */ = {
			isa = XCConfigurationList;
			buildConfigurations = (
				96D5A6031C606AFD00F7F860 /* Debug */,
				96D5A6041C606AFD00F7F860 /* Release */,
			);
			defaultConfigurationIsVisible = 0;
		};
/* End XCConfigurationList section */
	};
	rootObject = 96D5A5C41C606AFD00F7F860 /* Project object */;
}
